// !$*UTF8*$!
{
	archiveVersion = 1;
	classes = {
	};
	objectVersion = 56;
	objects = {

/* Begin PBXBuildFile section */
		1A085B032BC7F54C009AC421 /* AppStoreTableViewCell.xib in Resources */ = {isa = PBXBuildFile; fileRef = 1A085B022BC7F54C009AC421 /* AppStoreTableViewCell.xib */; };
		1A085B042BC7F54C009AC421 /* AppStoreTableViewCell.swift in Sources */ = {isa = PBXBuildFile; fileRef = 1A085B012BC7F54C009AC421 /* AppStoreTableViewCell.swift */; };
		1A085B082BC827AF009AC421 /* AppStoreViewController.swift in Sources */ = {isa = PBXBuildFile; fileRef = 1A085B072BC827AF009AC421 /* AppStoreViewController.swift */; };
		1A085B0C2BC82D34009AC421 /* AppStore.storyboard in Resources */ = {isa = PBXBuildFile; fileRef = 1A085B0B2BC82D34009AC421 /* AppStore.storyboard */; };
		1A0CD2E02BC7B94E00271CFC /* AppDelegate.swift in Sources */ = {isa = PBXBuildFile; fileRef = 1A0CD2DF2BC7B94E00271CFC /* AppDelegate.swift */; };
		1A0CD2E22BC7B94E00271CFC /* SceneDelegate.swift in Sources */ = {isa = PBXBuildFile; fileRef = 1A0CD2E12BC7B94E00271CFC /* SceneDelegate.swift */; };
		1A0CD2E92BC7B94F00271CFC /* Assets.xcassets in Resources */ = {isa = PBXBuildFile; fileRef = 1A0CD2E82BC7B94F00271CFC /* Assets.xcassets */; };
		1A0CD2EC2BC7B94F00271CFC /* Base in Resources */ = {isa = PBXBuildFile; fileRef = 1A0CD2EB2BC7B94F00271CFC /* Base */; };
/* End PBXBuildFile section */

/* Begin PBXFileReference section */
		1A085B012BC7F54C009AC421 /* AppStoreTableViewCell.swift */ = {isa = PBXFileReference; lastKnownFileType = sourcecode.swift; path = AppStoreTableViewCell.swift; sourceTree = "<group>"; };
		1A085B022BC7F54C009AC421 /* AppStoreTableViewCell.xib */ = {isa = PBXFileReference; lastKnownFileType = file.xib; path = AppStoreTableViewCell.xib; sourceTree = "<group>"; };
		1A085B072BC827AF009AC421 /* AppStoreViewController.swift */ = {isa = PBXFileReference; lastKnownFileType = sourcecode.swift; path = AppStoreViewController.swift; sourceTree = "<group>"; };
		1A085B0B2BC82D34009AC421 /* AppStore.storyboard */ = {isa = PBXFileReference; lastKnownFileType = file.storyboard; path = AppStore.storyboard; sourceTree = "<group>"; };
		1A0CD2DC2BC7B94E00271CFC /* w7_AppStore.app */ = {isa = PBXFileReference; explicitFileType = wrapper.application; includeInIndex = 0; path = w7_AppStore.app; sourceTree = BUILT_PRODUCTS_DIR; };
		1A0CD2DF2BC7B94E00271CFC /* AppDelegate.swift */ = {isa = PBXFileReference; lastKnownFileType = sourcecode.swift; path = AppDelegate.swift; sourceTree = "<group>"; };
		1A0CD2E12BC7B94E00271CFC /* SceneDelegate.swift */ = {isa = PBXFileReference; lastKnownFileType = sourcecode.swift; path = SceneDelegate.swift; sourceTree = "<group>"; };
		1A0CD2E82BC7B94F00271CFC /* Assets.xcassets */ = {isa = PBXFileReference; lastKnownFileType = folder.assetcatalog; path = Assets.xcassets; sourceTree = "<group>"; };
		1A0CD2EB2BC7B94F00271CFC /* Base */ = {isa = PBXFileReference; lastKnownFileType = file.storyboard; name = Base; path = Base.lproj/LaunchScreen.storyboard; sourceTree = "<group>"; };
		1A0CD2ED2BC7B94F00271CFC /* Info.plist */ = {isa = PBXFileReference; lastKnownFileType = text.plist.xml; path = Info.plist; sourceTree = "<group>"; };
/* End PBXFileReference section */

/* Begin PBXFrameworksBuildPhase section */
		1A0CD2D92BC7B94D00271CFC /* Frameworks */ = {
			isa = PBXFrameworksBuildPhase;
			buildActionMask = 2147483647;
			files = (
			);
			runOnlyForDeploymentPostprocessing = 0;
		};
/* End PBXFrameworksBuildPhase section */

/* Begin PBXGroup section */
		1A0CD2D32BC7B94D00271CFC = {
			isa = PBXGroup;
			children = (
				1A0CD2DE2BC7B94E00271CFC /* w7_AppStore */,
				1A0CD2DD2BC7B94E00271CFC /* Products */,
			);
			sourceTree = "<group>";
		};
		1A0CD2DD2BC7B94E00271CFC /* Products */ = {
			isa = PBXGroup;
			children = (
				1A0CD2DC2BC7B94E00271CFC /* w7_AppStore.app */,
			);
			name = Products;
			sourceTree = "<group>";
		};
		1A0CD2DE2BC7B94E00271CFC /* w7_AppStore */ = {
			isa = PBXGroup;
			children = (
				1AD1D23E2BD14AD900ECF15A /* Model */,
				1A5354612BCBBA8C00940403 /* View */,
				1A5354622BCBBA9F00940403 /* Controller */,
				1A0CD2DF2BC7B94E00271CFC /* AppDelegate.swift */,
				1A0CD2E12BC7B94E00271CFC /* SceneDelegate.swift */,
				1A0CD2E82BC7B94F00271CFC /* Assets.xcassets */,
				1A0CD2EA2BC7B94F00271CFC /* LaunchScreen.storyboard */,
				1A0CD2ED2BC7B94F00271CFC /* Info.plist */,
			);
			path = w7_AppStore;
			sourceTree = "<group>";
		};
		1A5354612BCBBA8C00940403 /* View */ = {
			isa = PBXGroup;
			children = (
				1A085B0B2BC82D34009AC421 /* AppStore.storyboard */,
				1A085B022BC7F54C009AC421 /* AppStoreTableViewCell.xib */,
			);
			path = View;
			sourceTree = "<group>";
		};
		1A5354622BCBBA9F00940403 /* Controller */ = {
			isa = PBXGroup;
			children = (
				1A085B072BC827AF009AC421 /* AppStoreViewController.swift */,
				1A085B012BC7F54C009AC421 /* AppStoreTableViewCell.swift */,
			);
			path = Controller;
			sourceTree = "<group>";
		};
		1AD1D23E2BD14AD900ECF15A /* Model */ = {
			isa = PBXGroup;
			children = (
			);
			path = Model;
			sourceTree = "<group>";
		};
/* End PBXGroup section */

/* Begin PBXNativeTarget section */
		1A0CD2DB2BC7B94D00271CFC /* w7_AppStore */ = {
			isa = PBXNativeTarget;
			buildConfigurationList = 1A0CD2F02BC7B94F00271CFC /* Build configuration list for PBXNativeTarget "w7_AppStore" */;
			buildPhases = (
				1A0CD2D82BC7B94D00271CFC /* Sources */,
				1A0CD2D92BC7B94D00271CFC /* Frameworks */,
				1A0CD2DA2BC7B94D00271CFC /* Resources */,
			);
			buildRules = (
			);
			dependencies = (
			);
			name = w7_AppStore;
			productName = w7_appStore;
			productReference = 1A0CD2DC2BC7B94E00271CFC /* w7_AppStore.app */;
			productType = "com.apple.product-type.application";
		};
/* End PBXNativeTarget section */

/* Begin PBXProject section */
		1A0CD2D42BC7B94D00271CFC /* Project object */ = {
			isa = PBXProject;
			attributes = {
				BuildIndependentTargetsInParallel = 1;
				LastSwiftUpdateCheck = 1530;
				LastUpgradeCheck = 1530;
				TargetAttributes = {
					1A0CD2DB2BC7B94D00271CFC = {
						CreatedOnToolsVersion = 15.3;
					};
				};
			};
			buildConfigurationList = 1A0CD2D72BC7B94D00271CFC /* Build configuration list for PBXProject "w7_AppStore" */;
			compatibilityVersion = "Xcode 14.0";
			developmentRegion = en;
			hasScannedForEncodings = 0;
			knownRegions = (
				en,
				Base,
			);
			mainGroup = 1A0CD2D32BC7B94D00271CFC;
			productRefGroup = 1A0CD2DD2BC7B94E00271CFC /* Products */;
			projectDirPath = "";
			projectRoot = "";
			targets = (
				1A0CD2DB2BC7B94D00271CFC /* w7_AppStore */,
			);
		};
/* End PBXProject section */

/* Begin PBXResourcesBuildPhase section */
		1A0CD2DA2BC7B94D00271CFC /* Resources */ = {
			isa = PBXResourcesBuildPhase;
			buildActionMask = 2147483647;
			files = (
				1A0CD2E92BC7B94F00271CFC /* Assets.xcassets in Resources */,
				1A0CD2EC2BC7B94F00271CFC /* Base in Resources */,
				1A085B0C2BC82D34009AC421 /* AppStore.storyboard in Resources */,
				1A085B032BC7F54C009AC421 /* AppStoreTableViewCell.xib in Resources */,
			);
			runOnlyForDeploymentPostprocessing = 0;
		};
/* End PBXResourcesBuildPhase section */

/* Begin PBXSourcesBuildPhase section */
		1A0CD2D82BC7B94D00271CFC /* Sources */ = {
			isa = PBXSourcesBuildPhase;
			buildActionMask = 2147483647;
			files = (
				1A085B082BC827AF009AC421 /* AppStoreViewController.swift in Sources */,
				1A0CD2E02BC7B94E00271CFC /* AppDelegate.swift in Sources */,
				1A0CD2E22BC7B94E00271CFC /* SceneDelegate.swift in Sources */,
				1A085B042BC7F54C009AC421 /* AppStoreTableViewCell.swift in Sources */,
			);
			runOnlyForDeploymentPostprocessing = 0;
		};
/* End PBXSourcesBuildPhase section */

/* Begin PBXVariantGroup section */
		1A0CD2EA2BC7B94F00271CFC /* LaunchScreen.storyboard */ = {
			isa = PBXVariantGroup;
			children = (
				1A0CD2EB2BC7B94F00271CFC /* Base */,
			);
			name = LaunchScreen.storyboard;
			sourceTree = "<group>";
		};
/* End PBXVariantGroup section */

/* Begin XCBuildConfiguration section */
		1A0CD2EE2BC7B94F00271CFC /* Debug */ = {
			isa = XCBuildConfiguration;
			buildSettings = {
				ALWAYS_SEARCH_USER_PATHS = NO;
				ASSETCATALOG_COMPILER_GENERATE_SWIFT_ASSET_SYMBOL_EXTENSIONS = YES;
				CLANG_ANALYZER_NONNULL = YES;
				CLANG_ANALYZER_NUMBER_OBJECT_CONVERSION = YES_AGGRESSIVE;
				CLANG_CXX_LANGUAGE_STANDARD = "gnu++20";
				CLANG_ENABLE_MODULES = YES;
				CLANG_ENABLE_OBJC_ARC = YES;
				CLANG_ENABLE_OBJC_WEAK = YES;
				CLANG_WARN_BLOCK_CAPTURE_AUTORELEASING = YES;
				CLANG_WARN_BOOL_CONVERSION = YES;
				CLANG_WARN_COMMA = YES;
				CLANG_WARN_CONSTANT_CONVERSION = YES;
				CLANG_WARN_DEPRECATED_OBJC_IMPLEMENTATIONS = YES;
				CLANG_WARN_DIRECT_OBJC_ISA_USAGE = YES_ERROR;
				CLANG_WARN_DOCUMENTATION_COMMENTS = YES;
				CLANG_WARN_EMPTY_BODY = YES;
				CLANG_WARN_ENUM_CONVERSION = YES;
				CLANG_WARN_INFINITE_RECURSION = YES;
				CLANG_WARN_INT_CONVERSION = YES;
				CLANG_WARN_NON_LITERAL_NULL_CONVERSION = YES;
				CLANG_WARN_OBJC_IMPLICIT_RETAIN_SELF = YES;
				CLANG_WARN_OBJC_LITERAL_CONVERSION = YES;
				CLANG_WARN_OBJC_ROOT_CLASS = YES_ERROR;
				CLANG_WARN_QUOTED_INCLUDE_IN_FRAMEWORK_HEADER = YES;
				CLANG_WARN_RANGE_LOOP_ANALYSIS = YES;
				CLANG_WARN_STRICT_PROTOTYPES = YES;
				CLANG_WARN_SUSPICIOUS_MOVE = YES;
				CLANG_WARN_UNGUARDED_AVAILABILITY = YES_AGGRESSIVE;
				CLANG_WARN_UNREACHABLE_CODE = YES;
				CLANG_WARN__DUPLICATE_METHOD_MATCH = YES;
				COPY_PHASE_STRIP = NO;
				DEBUG_INFORMATION_FORMAT = dwarf;
				ENABLE_STRICT_OBJC_MSGSEND = YES;
				ENABLE_TESTABILITY = YES;
				ENABLE_USER_SCRIPT_SANDBOXING = YES;
				GCC_C_LANGUAGE_STANDARD = gnu17;
				GCC_DYNAMIC_NO_PIC = NO;
				GCC_NO_COMMON_BLOCKS = YES;
				GCC_OPTIMIZATION_LEVEL = 0;
				GCC_PREPROCESSOR_DEFINITIONS = (
					"DEBUG=1",
					"$(inherited)",
				);
				GCC_WARN_64_TO_32_BIT_CONVERSION = YES;
				GCC_WARN_ABOUT_RETURN_TYPE = YES_ERROR;
				GCC_WARN_UNDECLARED_SELECTOR = YES;
				GCC_WARN_UNINITIALIZED_AUTOS = YES_AGGRESSIVE;
				GCC_WARN_UNUSED_FUNCTION = YES;
				GCC_WARN_UNUSED_VARIABLE = YES;
				IPHONEOS_DEPLOYMENT_TARGET = 17.4;
				LOCALIZATION_PREFERS_STRING_CATALOGS = YES;
				MTL_ENABLE_DEBUG_INFO = INCLUDE_SOURCE;
				MTL_FAST_MATH = YES;
				ONLY_ACTIVE_ARCH = YES;
				SDKROOT = iphoneos;
				SWIFT_ACTIVE_COMPILATION_CONDITIONS = "DEBUG $(inherited)";
				SWIFT_OPTIMIZATION_LEVEL = "-Onone";
			};
			name = Debug;
		};
		1A0CD2EF2BC7B94F00271CFC /* Release */ = {
			isa = XCBuildConfiguration;
			buildSettings = {
				ALWAYS_SEARCH_USER_PATHS = NO;
				ASSETCATALOG_COMPILER_GENERATE_SWIFT_ASSET_SYMBOL_EXTENSIONS = YES;
				CLANG_ANALYZER_NONNULL = YES;
				CLANG_ANALYZER_NUMBER_OBJECT_CONVERSION = YES_AGGRESSIVE;
				CLANG_CXX_LANGUAGE_STANDARD = "gnu++20";
				CLANG_ENABLE_MODULES = YES;
				CLANG_ENABLE_OBJC_ARC = YES;
				CLANG_ENABLE_OBJC_WEAK = YES;
				CLANG_WARN_BLOCK_CAPTURE_AUTORELEASING = YES;
				CLANG_WARN_BOOL_CONVERSION = YES;
				CLANG_WARN_COMMA = YES;
				CLANG_WARN_CONSTANT_CONVERSION = YES;
				CLANG_WARN_DEPRECATED_OBJC_IMPLEMENTATIONS = YES;
				CLANG_WARN_DIRECT_OBJC_ISA_USAGE = YES_ERROR;
				CLANG_WARN_DOCUMENTATION_COMMENTS = YES;
				CLANG_WARN_EMPTY_BODY = YES;
				CLANG_WARN_ENUM_CONVERSION = YES;
				CLANG_WARN_INFINITE_RECURSION = YES;
				CLANG_WARN_INT_CONVERSION = YES;
				CLANG_WARN_NON_LITERAL_NULL_CONVERSION = YES;
				CLANG_WARN_OBJC_IMPLICIT_RETAIN_SELF = YES;
				CLANG_WARN_OBJC_LITERAL_CONVERSION = YES;
				CLANG_WARN_OBJC_ROOT_CLASS = YES_ERROR;
				CLANG_WARN_QUOTED_INCLUDE_IN_FRAMEWORK_HEADER = YES;
				CLANG_WARN_RANGE_LOOP_ANALYSIS = YES;
				CLANG_WARN_STRICT_PROTOTYPES = YES;
				CLANG_WARN_SUSPICIOUS_MOVE = YES;
				CLANG_WARN_UNGUARDED_AVAILABILITY = YES_AGGRESSIVE;
				CLANG_WARN_UNREACHABLE_CODE = YES;
				CLANG_WARN__DUPLICATE_METHOD_MATCH = YES;
				COPY_PHASE_STRIP = NO;
				DEBUG_INFORMATION_FORMAT = "dwarf-with-dsym";
				ENABLE_NS_ASSERTIONS = NO;
				ENABLE_STRICT_OBJC_MSGSEND = YES;
				ENABLE_USER_SCRIPT_SANDBOXING = YES;
				GCC_C_LANGUAGE_STANDARD = gnu17;
				GCC_NO_COMMON_BLOCKS = YES;
				GCC_WARN_64_TO_32_BIT_CONVERSION = YES;
				GCC_WARN_ABOUT_RETURN_TYPE = YES_ERROR;
				GCC_WARN_UNDECLARED_SELECTOR = YES;
				GCC_WARN_UNINITIALIZED_AUTOS = YES_AGGRESSIVE;
				GCC_WARN_UNUSED_FUNCTION = YES;
				GCC_WARN_UNUSED_VARIABLE = YES;
				IPHONEOS_DEPLOYMENT_TARGET = 17.4;
				LOCALIZATION_PREFERS_STRING_CATALOGS = YES;
				MTL_ENABLE_DEBUG_INFO = NO;
				MTL_FAST_MATH = YES;
				SDKROOT = iphoneos;
				SWIFT_COMPILATION_MODE = wholemodule;
				VALIDATE_PRODUCT = YES;
			};
			name = Release;
		};
		1A0CD2F12BC7B94F00271CFC /* Debug */ = {
			isa = XCBuildConfiguration;
			buildSettings = {
				ASSETCATALOG_COMPILER_APPICON_NAME = AppIcon;
				ASSETCATALOG_COMPILER_GLOBAL_ACCENT_COLOR_NAME = AccentColor;
				CODE_SIGN_STYLE = Automatic;
				CURRENT_PROJECT_VERSION = 1;
				GENERATE_INFOPLIST_FILE = YES;
				INFOPLIST_FILE = w7_appStore/Info.plist;
				INFOPLIST_KEY_UIApplicationSupportsIndirectInputEvents = YES;
				INFOPLIST_KEY_UILaunchStoryboardName = LaunchScreen;
				INFOPLIST_KEY_UIMainStoryboardFile = AppStore;
				INFOPLIST_KEY_UISupportedInterfaceOrientations_iPad = "UIInterfaceOrientationPortrait UIInterfaceOrientationPortraitUpsideDown UIInterfaceOrientationLandscapeLeft UIInterfaceOrientationLandscapeRight";
				INFOPLIST_KEY_UISupportedInterfaceOrientations_iPhone = "UIInterfaceOrientationPortrait UIInterfaceOrientationLandscapeLeft UIInterfaceOrientationLandscapeRight";
				LD_RUNPATH_SEARCH_PATHS = (
					"$(inherited)",
					"@executable_path/Frameworks",
				);
				MARKETING_VERSION = 1.0;
				PRODUCT_BUNDLE_IDENTIFIER = "com.test.w7-appStore";
				PRODUCT_NAME = "$(TARGET_NAME)";
				SWIFT_EMIT_LOC_STRINGS = YES;
				SWIFT_VERSION = 5.0;
				TARGETED_DEVICE_FAMILY = "1,2";
			};
			name = Debug;
		};
		1A0CD2F22BC7B94F00271CFC /* Release */ = {
			isa = XCBuildConfiguration;
			buildSettings = {
				ASSETCATALOG_COMPILER_APPICON_NAME = AppIcon;
				ASSETCATALOG_COMPILER_GLOBAL_ACCENT_COLOR_NAME = AccentColor;
				CODE_SIGN_STYLE = Automatic;
				CURRENT_PROJECT_VERSION = 1;
				GENERATE_INFOPLIST_FILE = YES;
				INFOPLIST_FILE = w7_appStore/Info.plist;
				INFOPLIST_KEY_UIApplicationSupportsIndirectInputEvents = YES;
				INFOPLIST_KEY_UILaunchStoryboardName = LaunchScreen;
				INFOPLIST_KEY_UIMainStoryboardFile = AppStore;
				INFOPLIST_KEY_UISupportedInterfaceOrientations_iPad = "UIInterfaceOrientationPortrait UIInterfaceOrientationPortraitUpsideDown UIInterfaceOrientationLandscapeLeft UIInterfaceOrientationLandscapeRight";
				INFOPLIST_KEY_UISupportedInterfaceOrientations_iPhone = "UIInterfaceOrientationPortrait UIInterfaceOrientationLandscapeLeft UIInterfaceOrientationLandscapeRight";
				LD_RUNPATH_SEARCH_PATHS = (
					"$(inherited)",
					"@executable_path/Frameworks",
				);
				MARKETING_VERSION = 1.0;
				PRODUCT_BUNDLE_IDENTIFIER = "com.test.w7-appStore";
				PRODUCT_NAME = "$(TARGET_NAME)";
				SWIFT_EMIT_LOC_STRINGS = YES;
				SWIFT_VERSION = 5.0;
				TARGETED_DEVICE_FAMILY = "1,2";
			};
			name = Release;
		};
/* End XCBuildConfiguration section */

/* Begin XCConfigurationList section */
		1A0CD2D72BC7B94D00271CFC /* Build configuration list for PBXProject "w7_AppStore" */ = {
			isa = XCConfigurationList;
			buildConfigurations = (
				1A0CD2EE2BC7B94F00271CFC /* Debug */,
				1A0CD2EF2BC7B94F00271CFC /* Release */,
			);
			defaultConfigurationIsVisible = 0;
			defaultConfigurationName = Release;
		};
		1A0CD2F02BC7B94F00271CFC /* Build configuration list for PBXNativeTarget "w7_AppStore" */ = {
			isa = XCConfigurationList;
			buildConfigurations = (
				1A0CD2F12BC7B94F00271CFC /* Debug */,
				1A0CD2F22BC7B94F00271CFC /* Release */,
			);
			defaultConfigurationIsVisible = 0;
			defaultConfigurationName = Release;
		};
/* End XCConfigurationList section */
	};
	rootObject = 1A0CD2D42BC7B94D00271CFC /* Project object */;
}
